
Microsoft Visual Studio Solution File, Format Version 12.00
# Visual Studio Version 17
VisualStudioVersion = 17.8.34309.116
MinimumVisualStudioVersion = 10.0.40219.1
Project("{FAE04EC0-301F-11D3-BF4B-00C04F79EFBC}") = "Excersize Sorting", "Excersize Sorting\Excersize Sorting.csproj", "{B6B56350-F0E1-4663-B2A2-5D81267C7055}"
EndProject
Global
	GlobalSection(SolutionConfigurationPlatforms) = preSolution
		Debug|Any CPU = Debug|Any CPU
		Release|Any CPU = Release|Any CPU
	EndGlobalSection
	GlobalSection(ProjectConfigurationPlatforms) = postSolution
		{B6B56350-F0E1-4663-B2A2-5D81267C7055}.Debug|Any CPU.ActiveCfg = Debug|Any CPU
		{B6B56350-F0E1-4663-B2A2-5D81267C7055}.Debug|Any CPU.Build.0 = Debug|Any CPU
		{B6B56350-F0E1-4663-B2A2-5D81267C7055}.Release|Any CPU.ActiveCfg = Release|Any CPU
		{B6B56350-F0E1-4663-B2A2-5D81267C7055}.Release|Any CPU.Build.0 = Release|Any CPU
	EndGlobalSection
	GlobalSection(SolutionProperties) = preSolution
		HideSolutionNode = FALSE
	EndGlobalSection
	GlobalSection(ExtensibilityGlobals) = postSolution
		SolutionGuid = {AF4906AA-3E58-4D7E-9FEA-53C515504019}
	EndGlobalSection
EndGlobal
